// !$*UTF8*$!
{
	archiveVersion = 1;
	classes = {
	};
	objectVersion = 46;
	objects = {

/* Begin PBXBuildFile section */
		B79E8502CC6F464D82B86F0C /* Pods.framework in Frameworks */ = {isa = PBXBuildFile; fileRef = BD0A6FF2DC17167C9DED9F3D /* Pods.framework */; };
		D10AA8951BD66E2A00C6FB9B /* Resource.swift in Sources */ = {isa = PBXBuildFile; fileRef = D10AA8941BD66E2A00C6FB9B /* Resource.swift */; };
		D12FDD291BEBE6510093D250 /* ImageResource.swift in Sources */ = {isa = PBXBuildFile; fileRef = D12FDD281BEBE6510093D250 /* ImageResource.swift */; };
		D13BC59B1BD6954200336CFF /* ManagerTests.swift in Sources */ = {isa = PBXBuildFile; fileRef = D13C394E1BCBF7FE0044B40D /* ManagerTests.swift */; };
		D13C39431BCBF7FE0044B40D /* PopTop.h in Headers */ = {isa = PBXBuildFile; fileRef = D13C39421BCBF7FE0044B40D /* PopTop.h */; settings = {ATTRIBUTES = (Public, ); }; };
		D13C394A1BCBF7FE0044B40D /* PopTop.framework in Frameworks */ = {isa = PBXBuildFile; fileRef = D13C393F1BCBF7FE0044B40D /* PopTop.framework */; };
		D13C395A1BCBF84B0044B40D /* Manager.swift in Sources */ = {isa = PBXBuildFile; fileRef = D13C39591BCBF84B0044B40D /* Manager.swift */; };
		D15D6E571BD6861A00A144A2 /* ResourceTests.swift in Sources */ = {isa = PBXBuildFile; fileRef = D15D6E561BD6861A00A144A2 /* ResourceTests.swift */; };
		D16A39F31BE9220C003D830D /* JSONResource.swift in Sources */ = {isa = PBXBuildFile; fileRef = D16A39F21BE9220C003D830D /* JSONResource.swift */; };
/* End PBXBuildFile section */

/* Begin PBXContainerItemProxy section */
		D13C394B1BCBF7FE0044B40D /* PBXContainerItemProxy */ = {
			isa = PBXContainerItemProxy;
			containerPortal = D13C39361BCBF7FE0044B40D /* Project object */;
			proxyType = 1;
			remoteGlobalIDString = D13C393E1BCBF7FE0044B40D;
			remoteInfo = PopTop;
		};
/* End PBXContainerItemProxy section */

/* Begin PBXFileReference section */
		2A7FC1F132E1F95AC32BD549 /* Pods.debug.xcconfig */ = {isa = PBXFileReference; includeInIndex = 1; lastKnownFileType = text.xcconfig; name = Pods.debug.xcconfig; path = "Pods/Target Support Files/Pods/Pods.debug.xcconfig"; sourceTree = "<group>"; };
		B2A19DA23184BAC555CCA723 /* Pods.release.xcconfig */ = {isa = PBXFileReference; includeInIndex = 1; lastKnownFileType = text.xcconfig; name = Pods.release.xcconfig; path = "Pods/Target Support Files/Pods/Pods.release.xcconfig"; sourceTree = "<group>"; };
		BD0A6FF2DC17167C9DED9F3D /* Pods.framework */ = {isa = PBXFileReference; explicitFileType = wrapper.framework; includeInIndex = 0; path = Pods.framework; sourceTree = BUILT_PRODUCTS_DIR; };
		D10AA8941BD66E2A00C6FB9B /* Resource.swift */ = {isa = PBXFileReference; fileEncoding = 4; lastKnownFileType = sourcecode.swift; path = Resource.swift; sourceTree = "<group>"; };
		D12FDD281BEBE6510093D250 /* ImageResource.swift */ = {isa = PBXFileReference; fileEncoding = 4; lastKnownFileType = sourcecode.swift; path = ImageResource.swift; sourceTree = "<group>"; };
		D13C393F1BCBF7FE0044B40D /* PopTop.framework */ = {isa = PBXFileReference; explicitFileType = wrapper.framework; includeInIndex = 0; path = PopTop.framework; sourceTree = BUILT_PRODUCTS_DIR; };
		D13C39421BCBF7FE0044B40D /* PopTop.h */ = {isa = PBXFileReference; lastKnownFileType = sourcecode.c.h; path = PopTop.h; sourceTree = "<group>"; };
		D13C39441BCBF7FE0044B40D /* Info.plist */ = {isa = PBXFileReference; lastKnownFileType = text.plist.xml; path = Info.plist; sourceTree = "<group>"; };
		D13C39491BCBF7FE0044B40D /* PopTopTests.xctest */ = {isa = PBXFileReference; explicitFileType = wrapper.cfbundle; includeInIndex = 0; path = PopTopTests.xctest; sourceTree = BUILT_PRODUCTS_DIR; };
		D13C394E1BCBF7FE0044B40D /* ManagerTests.swift */ = {isa = PBXFileReference; lastKnownFileType = sourcecode.swift; path = ManagerTests.swift; sourceTree = "<group>"; };
		D13C39501BCBF7FE0044B40D /* Info.plist */ = {isa = PBXFileReference; lastKnownFileType = text.plist.xml; path = Info.plist; sourceTree = "<group>"; };
		D13C39591BCBF84B0044B40D /* Manager.swift */ = {isa = PBXFileReference; fileEncoding = 4; lastKnownFileType = sourcecode.swift; path = Manager.swift; sourceTree = "<group>"; };
		D15D6E561BD6861A00A144A2 /* ResourceTests.swift */ = {isa = PBXFileReference; fileEncoding = 4; lastKnownFileType = sourcecode.swift; path = ResourceTests.swift; sourceTree = "<group>"; };
		D16A39F21BE9220C003D830D /* JSONResource.swift */ = {isa = PBXFileReference; fileEncoding = 4; lastKnownFileType = sourcecode.swift; path = JSONResource.swift; sourceTree = "<group>"; };
/* End PBXFileReference section */

/* Begin PBXFrameworksBuildPhase section */
		D13C393B1BCBF7FE0044B40D /* Frameworks */ = {
			isa = PBXFrameworksBuildPhase;
			buildActionMask = 2147483647;
			files = (
				B79E8502CC6F464D82B86F0C /* Pods.framework in Frameworks */,
			);
			runOnlyForDeploymentPostprocessing = 0;
		};
		D13C39461BCBF7FE0044B40D /* Frameworks */ = {
			isa = PBXFrameworksBuildPhase;
			buildActionMask = 2147483647;
			files = (
				D13C394A1BCBF7FE0044B40D /* PopTop.framework in Frameworks */,
			);
			runOnlyForDeploymentPostprocessing = 0;
		};
/* End PBXFrameworksBuildPhase section */

/* Begin PBXGroup section */
		3EDB42D9A09E36B62DF3CF86 /* Frameworks */ = {
			isa = PBXGroup;
			children = (
				BD0A6FF2DC17167C9DED9F3D /* Pods.framework */,
			);
			name = Frameworks;
			sourceTree = "<group>";
		};
		5461C262BB21A3BEC32EC15A /* Pods */ = {
			isa = PBXGroup;
			children = (
				2A7FC1F132E1F95AC32BD549 /* Pods.debug.xcconfig */,
				B2A19DA23184BAC555CCA723 /* Pods.release.xcconfig */,
			);
			name = Pods;
			sourceTree = "<group>";
		};
		D13C39351BCBF7FE0044B40D = {
			isa = PBXGroup;
			children = (
				D13C39411BCBF7FE0044B40D /* Source */,
				D13C394D1BCBF7FE0044B40D /* Tests */,
				D13C39401BCBF7FE0044B40D /* Products */,
				5461C262BB21A3BEC32EC15A /* Pods */,
				3EDB42D9A09E36B62DF3CF86 /* Frameworks */,
			);
			sourceTree = "<group>";
		};
		D13C39401BCBF7FE0044B40D /* Products */ = {
			isa = PBXGroup;
			children = (
				D13C393F1BCBF7FE0044B40D /* PopTop.framework */,
				D13C39491BCBF7FE0044B40D /* PopTopTests.xctest */,
			);
			name = Products;
			sourceTree = "<group>";
		};
		D13C39411BCBF7FE0044B40D /* Source */ = {
			isa = PBXGroup;
			children = (
				D13C39421BCBF7FE0044B40D /* PopTop.h */,
				D12FDD281BEBE6510093D250 /* ImageResource.swift */,
				D16A39F21BE9220C003D830D /* JSONResource.swift */,
				D13C39591BCBF84B0044B40D /* Manager.swift */,
				D10AA8941BD66E2A00C6FB9B /* Resource.swift */,
				D13C395D1BCC1D4F0044B40D /* Supporting Files */,
			);
			path = Source;
			sourceTree = "<group>";
		};
		D13C394D1BCBF7FE0044B40D /* Tests */ = {
			isa = PBXGroup;
			children = (
				D13C394E1BCBF7FE0044B40D /* ManagerTests.swift */,
				D15D6E561BD6861A00A144A2 /* ResourceTests.swift */,
				D13C39501BCBF7FE0044B40D /* Info.plist */,
			);
			path = Tests;
			sourceTree = "<group>";
		};
		D13C395D1BCC1D4F0044B40D /* Supporting Files */ = {
			isa = PBXGroup;
			children = (
				D13C39441BCBF7FE0044B40D /* Info.plist */,
			);
			name = "Supporting Files";
			sourceTree = "<group>";
		};
/* End PBXGroup section */

/* Begin PBXHeadersBuildPhase section */
		D13C393C1BCBF7FE0044B40D /* Headers */ = {
			isa = PBXHeadersBuildPhase;
			buildActionMask = 2147483647;
			files = (
				D13C39431BCBF7FE0044B40D /* PopTop.h in Headers */,
			);
			runOnlyForDeploymentPostprocessing = 0;
		};
/* End PBXHeadersBuildPhase section */

/* Begin PBXNativeTarget section */
		D13C393E1BCBF7FE0044B40D /* PopTop */ = {
			isa = PBXNativeTarget;
			buildConfigurationList = D13C39531BCBF7FE0044B40D /* Build configuration list for PBXNativeTarget "PopTop" */;
			buildPhases = (
				83314469DC64D281B418AE6F /* Check Pods Manifest.lock */,
				D13C393A1BCBF7FE0044B40D /* Sources */,
				D13C393B1BCBF7FE0044B40D /* Frameworks */,
				D13C393C1BCBF7FE0044B40D /* Headers */,
				D13C393D1BCBF7FE0044B40D /* Resources */,
				774E3A8451B49F7D7EF18E50 /* Copy Pods Resources */,
			);
			buildRules = (
			);
			dependencies = (
			);
			name = PopTop;
			productName = PopTop;
			productReference = D13C393F1BCBF7FE0044B40D /* PopTop.framework */;
			productType = "com.apple.product-type.framework";
		};
		D13C39481BCBF7FE0044B40D /* PopTopTests */ = {
			isa = PBXNativeTarget;
			buildConfigurationList = D13C39561BCBF7FE0044B40D /* Build configuration list for PBXNativeTarget "PopTopTests" */;
			buildPhases = (
				D13C39451BCBF7FE0044B40D /* Sources */,
				D13C39461BCBF7FE0044B40D /* Frameworks */,
				D13C39471BCBF7FE0044B40D /* Resources */,
			);
			buildRules = (
			);
			dependencies = (
				D13C394C1BCBF7FE0044B40D /* PBXTargetDependency */,
			);
			name = PopTopTests;
			productName = PopTopTests;
			productReference = D13C39491BCBF7FE0044B40D /* PopTopTests.xctest */;
			productType = "com.apple.product-type.bundle.unit-test";
		};
/* End PBXNativeTarget section */

/* Begin PBXProject section */
		D13C39361BCBF7FE0044B40D /* Project object */ = {
			isa = PBXProject;
			attributes = {
				LastSwiftUpdateCheck = 0700;
				LastUpgradeCheck = 0700;
				ORGANIZATIONNAME = Belly;
				TargetAttributes = {
					D13C393E1BCBF7FE0044B40D = {
						CreatedOnToolsVersion = 7.0.1;
					};
					D13C39481BCBF7FE0044B40D = {
						CreatedOnToolsVersion = 7.0.1;
					};
				};
			};
			buildConfigurationList = D13C39391BCBF7FE0044B40D /* Build configuration list for PBXProject "PopTop" */;
			compatibilityVersion = "Xcode 3.2";
			developmentRegion = English;
			hasScannedForEncodings = 0;
			knownRegions = (
				en,
			);
			mainGroup = D13C39351BCBF7FE0044B40D;
			productRefGroup = D13C39401BCBF7FE0044B40D /* Products */;
			projectDirPath = "";
			projectRoot = "";
			targets = (
				D13C393E1BCBF7FE0044B40D /* PopTop */,
				D13C39481BCBF7FE0044B40D /* PopTopTests */,
			);
		};
/* End PBXProject section */

/* Begin PBXResourcesBuildPhase section */
		D13C393D1BCBF7FE0044B40D /* Resources */ = {
			isa = PBXResourcesBuildPhase;
			buildActionMask = 2147483647;
			files = (
			);
			runOnlyForDeploymentPostprocessing = 0;
		};
		D13C39471BCBF7FE0044B40D /* Resources */ = {
			isa = PBXResourcesBuildPhase;
			buildActionMask = 2147483647;
			files = (
			);
			runOnlyForDeploymentPostprocessing = 0;
		};
/* End PBXResourcesBuildPhase section */

/* Begin PBXShellScriptBuildPhase section */
		774E3A8451B49F7D7EF18E50 /* Copy Pods Resources */ = {
			isa = PBXShellScriptBuildPhase;
			buildActionMask = 2147483647;
			files = (
			);
			inputPaths = (
			);
			name = "Copy Pods Resources";
			outputPaths = (
			);
			runOnlyForDeploymentPostprocessing = 0;
			shellPath = /bin/sh;
			shellScript = "\"${SRCROOT}/Pods/Target Support Files/Pods/Pods-resources.sh\"\n";
			showEnvVarsInLog = 0;
		};
		83314469DC64D281B418AE6F /* Check Pods Manifest.lock */ = {
			isa = PBXShellScriptBuildPhase;
			buildActionMask = 2147483647;
			files = (
			);
			inputPaths = (
			);
			name = "Check Pods Manifest.lock";
			outputPaths = (
			);
			runOnlyForDeploymentPostprocessing = 0;
			shellPath = /bin/sh;
			shellScript = "diff \"${PODS_ROOT}/../Podfile.lock\" \"${PODS_ROOT}/Manifest.lock\" > /dev/null\nif [[ $? != 0 ]] ; then\n    cat << EOM\nerror: The sandbox is not in sync with the Podfile.lock. Run 'pod install' or update your CocoaPods installation.\nEOM\n    exit 1\nfi\n";
			showEnvVarsInLog = 0;
		};
/* End PBXShellScriptBuildPhase section */

/* Begin PBXSourcesBuildPhase section */
		D13C393A1BCBF7FE0044B40D /* Sources */ = {
			isa = PBXSourcesBuildPhase;
			buildActionMask = 2147483647;
			files = (
				D10AA8951BD66E2A00C6FB9B /* Resource.swift in Sources */,
				D12FDD291BEBE6510093D250 /* ImageResource.swift in Sources */,
				D13C395A1BCBF84B0044B40D /* Manager.swift in Sources */,
				D16A39F31BE9220C003D830D /* JSONResource.swift in Sources */,
			);
			runOnlyForDeploymentPostprocessing = 0;
		};
		D13C39451BCBF7FE0044B40D /* Sources */ = {
			isa = PBXSourcesBuildPhase;
			buildActionMask = 2147483647;
			files = (
				D15D6E571BD6861A00A144A2 /* ResourceTests.swift in Sources */,
				D13BC59B1BD6954200336CFF /* ManagerTests.swift in Sources */,
			);
			runOnlyForDeploymentPostprocessing = 0;
		};
/* End PBXSourcesBuildPhase section */

/* Begin PBXTargetDependency section */
		D13C394C1BCBF7FE0044B40D /* PBXTargetDependency */ = {
			isa = PBXTargetDependency;
			target = D13C393E1BCBF7FE0044B40D /* PopTop */;
			targetProxy = D13C394B1BCBF7FE0044B40D /* PBXContainerItemProxy */;
		};
/* End PBXTargetDependency section */

/* Begin XCBuildConfiguration section */
		D13C39511BCBF7FE0044B40D /* Debug */ = {
			isa = XCBuildConfiguration;
			buildSettings = {
				ALWAYS_SEARCH_USER_PATHS = NO;
				CLANG_CXX_LANGUAGE_STANDARD = "gnu++0x";
				CLANG_CXX_LIBRARY = "libc++";
				CLANG_ENABLE_MODULES = YES;
				CLANG_ENABLE_OBJC_ARC = YES;
				CLANG_WARN_BOOL_CONVERSION = YES;
				CLANG_WARN_CONSTANT_CONVERSION = YES;
				CLANG_WARN_DIRECT_OBJC_ISA_USAGE = YES_ERROR;
				CLANG_WARN_EMPTY_BODY = YES;
				CLANG_WARN_ENUM_CONVERSION = YES;
				CLANG_WARN_INT_CONVERSION = YES;
				CLANG_WARN_OBJC_ROOT_CLASS = YES_ERROR;
				CLANG_WARN_UNREACHABLE_CODE = YES;
				CLANG_WARN__DUPLICATE_METHOD_MATCH = YES;
				"CODE_SIGN_IDENTITY[sdk=iphoneos*]" = "iPhone Developer";
				COPY_PHASE_STRIP = NO;
				CURRENT_PROJECT_VERSION = 1;
				DEBUG_INFORMATION_FORMAT = dwarf;
				ENABLE_STRICT_OBJC_MSGSEND = YES;
				ENABLE_TESTABILITY = YES;
				GCC_C_LANGUAGE_STANDARD = gnu99;
				GCC_DYNAMIC_NO_PIC = NO;
				GCC_NO_COMMON_BLOCKS = YES;
				GCC_OPTIMIZATION_LEVEL = 0;
				GCC_PREPROCESSOR_DEFINITIONS = (
					"DEBUG=1",
					"$(inherited)",
				);
				GCC_WARN_64_TO_32_BIT_CONVERSION = YES;
				GCC_WARN_ABOUT_RETURN_TYPE = YES_ERROR;
				GCC_WARN_UNDECLARED_SELECTOR = YES;
				GCC_WARN_UNINITIALIZED_AUTOS = YES_AGGRESSIVE;
				GCC_WARN_UNUSED_FUNCTION = YES;
				GCC_WARN_UNUSED_VARIABLE = YES;
				IPHONEOS_DEPLOYMENT_TARGET = 8.0;
				MTL_ENABLE_DEBUG_INFO = YES;
				ONLY_ACTIVE_ARCH = YES;
				SDKROOT = iphoneos;
				SWIFT_OPTIMIZATION_LEVEL = "-Onone";
				TARGETED_DEVICE_FAMILY = "1,2";
				VERSIONING_SYSTEM = "apple-generic";
				VERSION_INFO_PREFIX = "";
			};
			name = Debug;
		};
		D13C39521BCBF7FE0044B40D /* Release */ = {
			isa = XCBuildConfiguration;
			buildSettings = {
				ALWAYS_SEARCH_USER_PATHS = NO;
				CLANG_CXX_LANGUAGE_STANDARD = "gnu++0x";
				CLANG_CXX_LIBRARY = "libc++";
				CLANG_ENABLE_MODULES = YES;
				CLANG_ENABLE_OBJC_ARC = YES;
				CLANG_WARN_BOOL_CONVERSION = YES;
				CLANG_WARN_CONSTANT_CONVERSION = YES;
				CLANG_WARN_DIRECT_OBJC_ISA_USAGE = YES_ERROR;
				CLANG_WARN_EMPTY_BODY = YES;
				CLANG_WARN_ENUM_CONVERSION = YES;
				CLANG_WARN_INT_CONVERSION = YES;
				CLANG_WARN_OBJC_ROOT_CLASS = YES_ERROR;
				CLANG_WARN_UNREACHABLE_CODE = YES;
				CLANG_WARN__DUPLICATE_METHOD_MATCH = YES;
				"CODE_SIGN_IDENTITY[sdk=iphoneos*]" = "iPhone Developer";
				COPY_PHASE_STRIP = NO;
				CURRENT_PROJECT_VERSION = 1;
				DEBUG_INFORMATION_FORMAT = "dwarf-with-dsym";
				ENABLE_NS_ASSERTIONS = NO;
				ENABLE_STRICT_OBJC_MSGSEND = YES;
				GCC_C_LANGUAGE_STANDARD = gnu99;
				GCC_NO_COMMON_BLOCKS = YES;
				GCC_WARN_64_TO_32_BIT_CONVERSION = YES;
				GCC_WARN_ABOUT_RETURN_TYPE = YES_ERROR;
				GCC_WARN_UNDECLARED_SELECTOR = YES;
				GCC_WARN_UNINITIALIZED_AUTOS = YES_AGGRESSIVE;
				GCC_WARN_UNUSED_FUNCTION = YES;
				GCC_WARN_UNUSED_VARIABLE = YES;
				IPHONEOS_DEPLOYMENT_TARGET = 8.0;
				MTL_ENABLE_DEBUG_INFO = NO;
				SDKROOT = iphoneos;
				TARGETED_DEVICE_FAMILY = "1,2";
				VALIDATE_PRODUCT = YES;
				VERSIONING_SYSTEM = "apple-generic";
				VERSION_INFO_PREFIX = "";
			};
			name = Release;
		};
		D13C39541BCBF7FE0044B40D /* Debug */ = {
			isa = XCBuildConfiguration;
			baseConfigurationReference = 2A7FC1F132E1F95AC32BD549 /* Pods.debug.xcconfig */;
			buildSettings = {
				APPLICATION_EXTENSION_API_ONLY = YES;
				CLANG_ENABLE_MODULES = YES;
				DEFINES_MODULE = YES;
				DYLIB_COMPATIBILITY_VERSION = 1;
				DYLIB_CURRENT_VERSION = 1;
				DYLIB_INSTALL_NAME_BASE = "@rpath";
				INFOPLIST_FILE = "$(SRCROOT)/Source/Info.plist";
				INSTALL_PATH = "$(LOCAL_LIBRARY_DIR)/Frameworks";
				IPHONEOS_DEPLOYMENT_TARGET = 8.0;
				LD_RUNPATH_SEARCH_PATHS = "$(inherited) @executable_path/Frameworks @loader_path/Frameworks";
				PRODUCT_BUNDLE_IDENTIFIER = com.belly.PopTop;
				PRODUCT_NAME = "$(TARGET_NAME)";
				SKIP_INSTALL = YES;
				SWIFT_OPTIMIZATION_LEVEL = "-Onone";
			};
			name = Debug;
		};
		D13C39551BCBF7FE0044B40D /* Release */ = {
			isa = XCBuildConfiguration;
			baseConfigurationReference = B2A19DA23184BAC555CCA723 /* Pods.release.xcconfig */;
			buildSettings = {
				APPLICATION_EXTENSION_API_ONLY = YES;
				CLANG_ENABLE_MODULES = YES;
				DEFINES_MODULE = YES;
				DYLIB_COMPATIBILITY_VERSION = 1;
				DYLIB_CURRENT_VERSION = 1;
				DYLIB_INSTALL_NAME_BASE = "@rpath";
				INFOPLIST_FILE = "$(SRCROOT)/Source/Info.plist";
				INSTALL_PATH = "$(LOCAL_LIBRARY_DIR)/Frameworks";
				IPHONEOS_DEPLOYMENT_TARGET = 8.0;
				LD_RUNPATH_SEARCH_PATHS = "$(inherited) @executable_path/Frameworks @loader_path/Frameworks";
				PRODUCT_BUNDLE_IDENTIFIER = com.belly.PopTop;
				PRODUCT_NAME = "$(TARGET_NAME)";
				SKIP_INSTALL = YES;
			};
			name = Release;
		};
		D13C39571BCBF7FE0044B40D /* Debug */ = {
			isa = XCBuildConfiguration;
			buildSettings = {
				INFOPLIST_FILE = Tests/Info.plist;
				LD_RUNPATH_SEARCH_PATHS = "$(inherited) @executable_path/Frameworks @loader_path/Frameworks";
				PRODUCT_BUNDLE_IDENTIFIER = com.belly.PopTopTests;
				PRODUCT_NAME = "$(TARGET_NAME)";
			};
			name = Debug;
		};
		D13C39581BCBF7FE0044B40D /* Release */ = {
			isa = XCBuildConfiguration;
			buildSettings = {
				INFOPLIST_FILE = Tests/Info.plist;
				LD_RUNPATH_SEARCH_PATHS = "$(inherited) @executable_path/Frameworks @loader_path/Frameworks";
				PRODUCT_BUNDLE_IDENTIFIER = com.belly.PopTopTests;
				PRODUCT_NAME = "$(TARGET_NAME)";
			};
			name = Release;
		};
/* End XCBuildConfiguration section */

/* Begin XCConfigurationList section */
		D13C39391BCBF7FE0044B40D /* Build configuration list for PBXProject "PopTop" */ = {
			isa = XCConfigurationList;
			buildConfigurations = (
				D13C39511BCBF7FE0044B40D /* Debug */,
				D13C39521BCBF7FE0044B40D /* Release */,
			);
			defaultConfigurationIsVisible = 0;
			defaultConfigurationName = Release;
		};
		D13C39531BCBF7FE0044B40D /* Build configuration list for PBXNativeTarget "PopTop" */ = {
			isa = XCConfigurationList;
			buildConfigurations = (
				D13C39541BCBF7FE0044B40D /* Debug */,
				D13C39551BCBF7FE0044B40D /* Release */,
			);
			defaultConfigurationIsVisible = 0;
			defaultConfigurationName = Release;
		};
		D13C39561BCBF7FE0044B40D /* Build configuration list for PBXNativeTarget "PopTopTests" */ = {
			isa = XCConfigurationList;
			buildConfigurations = (
				D13C39571BCBF7FE0044B40D /* Debug */,
				D13C39581BCBF7FE0044B40D /* Release */,
			);
			defaultConfigurationIsVisible = 0;
			defaultConfigurationName = Release;
		};
/* End XCConfigurationList section */
	};
	rootObject = D13C39361BCBF7FE0044B40D /* Project object */;
}
